
Microsoft Visual Studio Solution File, Format Version 12.00
# Visual Studio Version 16
VisualStudioVersion = 16.0.30523.141
MinimumVisualStudioVersion = 10.0.40219.1
Project("{FAE04EC0-301F-11D3-BF4B-00C04F79EFBC}") = "ScheduleApp", "ScheduleApp\ScheduleApp.csproj", "{8A38187F-5102-47E3-914F-96B71CA0BA8A}"
EndProject
Project("{54435603-DBB4-11D2-8724-00A0C9A8B90C}") = "Setup1", "Setup1\Setup1.vdproj", "{BE368041-1C17-48EA-8479-EE39A1889493}"
EndProject
Global
	GlobalSection(SolutionConfigurationPlatforms) = preSolution
		Debug|Any CPU = Debug|Any CPU
		Release|Any CPU = Release|Any CPU
	EndGlobalSection
	GlobalSection(ProjectConfigurationPlatforms) = postSolution
		{8A38187F-5102-47E3-914F-96B71CA0BA8A}.Debug|Any CPU.ActiveCfg = Debug|Any CPU
		{8A38187F-5102-47E3-914F-96B71CA0BA8A}.Debug|Any CPU.Build.0 = Debug|Any CPU
		{8A38187F-5102-47E3-914F-96B71CA0BA8A}.Release|Any CPU.ActiveCfg = Release|Any CPU
		{8A38187F-5102-47E3-914F-96B71CA0BA8A}.Release|Any CPU.Build.0 = Release|Any CPU
		{BE368041-1C17-48EA-8479-EE39A1889493}.Debug|Any CPU.ActiveCfg = Debug
		{BE368041-1C17-48EA-8479-EE39A1889493}.Release|Any CPU.ActiveCfg = Release
		{BE368041-1C17-48EA-8479-EE39A1889493}.Release|Any CPU.Build.0 = Release
	EndGlobalSection
	GlobalSection(SolutionProperties) = preSolution
		HideSolutionNode = FALSE
	EndGlobalSection
	GlobalSection(ExtensibilityGlobals) = postSolution
		SolutionGuid = {903552E8-C8EF-4A12-822F-58D23E4F20D9}
	EndGlobalSection
EndGlobal
